// !$*UTF8*$!
{
	archiveVersion = 1;
	classes = {
	};
	objectVersion = 56;
	objects = {

/* Begin PBXBuildFile section */
		493E26E62997948800FD0B53 /* Palette.xcassets in Resources */ = {isa = PBXBuildFile; fileRef = 493E26E52997948800FD0B53 /* Palette.xcassets */; };
		493E26E82997955A00FD0B53 /* Colors.swift in Sources */ = {isa = PBXBuildFile; fileRef = 493E26E72997955A00FD0B53 /* Colors.swift */; };
		493E26EB2997B97B00FD0B53 /* ComposableArchitecture in Frameworks */ = {isa = PBXBuildFile; productRef = 493E26EA2997B97B00FD0B53 /* ComposableArchitecture */; };
		493E26ED2997B9AF00FD0B53 /* HomeReducer.swift in Sources */ = {isa = PBXBuildFile; fileRef = 493E26EC2997B9AF00FD0B53 /* HomeReducer.swift */; };
		493E26F12997C41C00FD0B53 /* GRDB in Frameworks */ = {isa = PBXBuildFile; productRef = 493E26F02997C41C00FD0B53 /* GRDB */; };
		493E26F32997C50C00FD0B53 /* Entry.swift in Sources */ = {isa = PBXBuildFile; fileRef = 493E26F22997C50C00FD0B53 /* Entry.swift */; };
		493E26F52997C90700FD0B53 /* Database.swift in Sources */ = {isa = PBXBuildFile; fileRef = 493E26F42997C90700FD0B53 /* Database.swift */; };
		493E26F729990AFF00FD0B53 /* Double.swift in Sources */ = {isa = PBXBuildFile; fileRef = 493E26F629990AFF00FD0B53 /* Double.swift */; };
		493E27012999C66700FD0B53 /* Date.swift in Sources */ = {isa = PBXBuildFile; fileRef = 493E27002999C66700FD0B53 /* Date.swift */; };
		493E27022999D9C000FD0B53 /* HomeReducer.swift in Sources */ = {isa = PBXBuildFile; fileRef = 493E26EC2997B9AF00FD0B53 /* HomeReducer.swift */; };
		493E27032999DADE00FD0B53 /* Entry.swift in Sources */ = {isa = PBXBuildFile; fileRef = 493E26F22997C50C00FD0B53 /* Entry.swift */; };
		493E27082999DE2A00FD0B53 /* GRDB in Frameworks */ = {isa = PBXBuildFile; productRef = 493E27072999DE2A00FD0B53 /* GRDB */; };
		493E27092999E29E00FD0B53 /* Database.swift in Sources */ = {isa = PBXBuildFile; fileRef = 493E26F42997C90700FD0B53 /* Database.swift */; };
		497B9B31299778280019117A /* EntryHistoryView.swift in Sources */ = {isa = PBXBuildFile; fileRef = 497B9B30299778280019117A /* EntryHistoryView.swift */; };
		49EABE662997646B00B1CEFC /* timeeApp.swift in Sources */ = {isa = PBXBuildFile; fileRef = 49EABE652997646B00B1CEFC /* timeeApp.swift */; };
		49EABE682997646B00B1CEFC /* HomeView.swift in Sources */ = {isa = PBXBuildFile; fileRef = 49EABE672997646B00B1CEFC /* HomeView.swift */; };
		49EABE6A2997646D00B1CEFC /* Assets.xcassets in Resources */ = {isa = PBXBuildFile; fileRef = 49EABE692997646D00B1CEFC /* Assets.xcassets */; };
		49EABE6D2997646D00B1CEFC /* Preview Assets.xcassets in Resources */ = {isa = PBXBuildFile; fileRef = 49EABE6C2997646D00B1CEFC /* Preview Assets.xcassets */; };
		49EABE772997646D00B1CEFC /* timeeTests.swift in Sources */ = {isa = PBXBuildFile; fileRef = 49EABE762997646D00B1CEFC /* timeeTests.swift */; };
		49EABE9729976ADE00B1CEFC /* EntryLiveView.swift in Sources */ = {isa = PBXBuildFile; fileRef = 49EABE9629976ADE00B1CEFC /* EntryLiveView.swift */; };
/* End PBXBuildFile section */

/* Begin PBXContainerItemProxy section */
		49EABE732997646D00B1CEFC /* PBXContainerItemProxy */ = {
			isa = PBXContainerItemProxy;
			containerPortal = 49EABE5A2997646B00B1CEFC /* Project object */;
			proxyType = 1;
			remoteGlobalIDString = 49EABE612997646B00B1CEFC;
			remoteInfo = timee;
		};
/* End PBXContainerItemProxy section */

/* Begin PBXFileReference section */
		493E26E52997948800FD0B53 /* Palette.xcassets */ = {isa = PBXFileReference; lastKnownFileType = folder.assetcatalog; path = Palette.xcassets; sourceTree = "<group>"; };
		493E26E72997955A00FD0B53 /* Colors.swift */ = {isa = PBXFileReference; lastKnownFileType = sourcecode.swift; path = Colors.swift; sourceTree = "<group>"; };
		493E26EC2997B9AF00FD0B53 /* HomeReducer.swift */ = {isa = PBXFileReference; lastKnownFileType = sourcecode.swift; path = HomeReducer.swift; sourceTree = "<group>"; };
		493E26F22997C50C00FD0B53 /* Entry.swift */ = {isa = PBXFileReference; lastKnownFileType = sourcecode.swift; path = Entry.swift; sourceTree = "<group>"; };
		493E26F42997C90700FD0B53 /* Database.swift */ = {isa = PBXFileReference; lastKnownFileType = sourcecode.swift; path = Database.swift; sourceTree = "<group>"; };
		493E26F629990AFF00FD0B53 /* Double.swift */ = {isa = PBXFileReference; lastKnownFileType = sourcecode.swift; path = Double.swift; sourceTree = "<group>"; };
		493E27002999C66700FD0B53 /* Date.swift */ = {isa = PBXFileReference; lastKnownFileType = sourcecode.swift; path = Date.swift; sourceTree = "<group>"; };
		493E270A299A032600FD0B53 /* Info.plist */ = {isa = PBXFileReference; lastKnownFileType = text.plist.xml; path = Info.plist; sourceTree = "<group>"; };
		497B9B30299778280019117A /* EntryHistoryView.swift */ = {isa = PBXFileReference; lastKnownFileType = sourcecode.swift; path = EntryHistoryView.swift; sourceTree = "<group>"; };
		49EABE622997646B00B1CEFC /* timee.app */ = {isa = PBXFileReference; explicitFileType = wrapper.application; includeInIndex = 0; path = timee.app; sourceTree = BUILT_PRODUCTS_DIR; };
		49EABE652997646B00B1CEFC /* timeeApp.swift */ = {isa = PBXFileReference; lastKnownFileType = sourcecode.swift; path = timeeApp.swift; sourceTree = "<group>"; };
		49EABE672997646B00B1CEFC /* HomeView.swift */ = {isa = PBXFileReference; lastKnownFileType = sourcecode.swift; path = HomeView.swift; sourceTree = "<group>"; };
		49EABE692997646D00B1CEFC /* Assets.xcassets */ = {isa = PBXFileReference; lastKnownFileType = folder.assetcatalog; path = Assets.xcassets; sourceTree = "<group>"; };
		49EABE6C2997646D00B1CEFC /* Preview Assets.xcassets */ = {isa = PBXFileReference; lastKnownFileType = folder.assetcatalog; path = "Preview Assets.xcassets"; sourceTree = "<group>"; };
		49EABE722997646D00B1CEFC /* timeeTests.xctest */ = {isa = PBXFileReference; explicitFileType = wrapper.cfbundle; includeInIndex = 0; path = timeeTests.xctest; sourceTree = BUILT_PRODUCTS_DIR; };
		49EABE762997646D00B1CEFC /* timeeTests.swift */ = {isa = PBXFileReference; lastKnownFileType = sourcecode.swift; path = timeeTests.swift; sourceTree = "<group>"; };
		49EABE9629976ADE00B1CEFC /* EntryLiveView.swift */ = {isa = PBXFileReference; lastKnownFileType = sourcecode.swift; path = EntryLiveView.swift; sourceTree = "<group>"; };
/* End PBXFileReference section */

/* Begin PBXFrameworksBuildPhase section */
		49EABE5F2997646B00B1CEFC /* Frameworks */ = {
			isa = PBXFrameworksBuildPhase;
			buildActionMask = 2147483647;
			files = (
				493E26EB2997B97B00FD0B53 /* ComposableArchitecture in Frameworks */,
				493E26F12997C41C00FD0B53 /* GRDB in Frameworks */,
			);
			runOnlyForDeploymentPostprocessing = 0;
		};
		49EABE6F2997646D00B1CEFC /* Frameworks */ = {
			isa = PBXFrameworksBuildPhase;
			buildActionMask = 2147483647;
			files = (
				493E27082999DE2A00FD0B53 /* GRDB in Frameworks */,
			);
			runOnlyForDeploymentPostprocessing = 0;
		};
/* End PBXFrameworksBuildPhase section */

/* Begin PBXGroup section */
		493E26E22997943700FD0B53 /* Extensions */ = {
			isa = PBXGroup;
			children = (
				493E26E72997955A00FD0B53 /* Colors.swift */,
				493E26F629990AFF00FD0B53 /* Double.swift */,
				493E27002999C66700FD0B53 /* Date.swift */,
			);
			path = Extensions;
			sourceTree = "<group>";
		};
		493E26EE2997BCE000FD0B53 /* Persistence */ = {
			isa = PBXGroup;
			children = (
				493E26F42997C90700FD0B53 /* Database.swift */,
				493E26F22997C50C00FD0B53 /* Entry.swift */,
			);
			path = Persistence;
			sourceTree = "<group>";
		};
		493E27062999DE2A00FD0B53 /* Frameworks */ = {
			isa = PBXGroup;
			children = (
			);
			name = Frameworks;
			sourceTree = "<group>";
		};
		49EABE592997646B00B1CEFC = {
			isa = PBXGroup;
			children = (
				49EABE642997646B00B1CEFC /* timee */,
				49EABE752997646D00B1CEFC /* timeeTests */,
				49EABE632997646B00B1CEFC /* Products */,
				493E27062999DE2A00FD0B53 /* Frameworks */,
			);
			sourceTree = "<group>";
		};
		49EABE632997646B00B1CEFC /* Products */ = {
			isa = PBXGroup;
			children = (
				49EABE622997646B00B1CEFC /* timee.app */,
				49EABE722997646D00B1CEFC /* timeeTests.xctest */,
			);
			name = Products;
			sourceTree = "<group>";
		};
		49EABE642997646B00B1CEFC /* timee */ = {
			isa = PBXGroup;
			children = (
				493E26EE2997BCE000FD0B53 /* Persistence */,
				49EABE8F299768DD00B1CEFC /* UI */,
				49EABE90299768FE00B1CEFC /* Resources */,
				493E26E22997943700FD0B53 /* Extensions */,
			);
			path = timee;
			sourceTree = "<group>";
		};
		49EABE6B2997646D00B1CEFC /* Preview Content */ = {
			isa = PBXGroup;
			children = (
				49EABE6C2997646D00B1CEFC /* Preview Assets.xcassets */,
			);
			path = "Preview Content";
			sourceTree = "<group>";
		};
		49EABE752997646D00B1CEFC /* timeeTests */ = {
			isa = PBXGroup;
			children = (
				49EABE762997646D00B1CEFC /* timeeTests.swift */,
			);
			path = timeeTests;
			sourceTree = "<group>";
		};
		49EABE8F299768DD00B1CEFC /* UI */ = {
			isa = PBXGroup;
			children = (
				49EABE652997646B00B1CEFC /* timeeApp.swift */,
				49EABE9129976A8500B1CEFC /* Scenes */,
				49EABE9229976A8D00B1CEFC /* Components */,
			);
			path = UI;
			sourceTree = "<group>";
		};
		49EABE90299768FE00B1CEFC /* Resources */ = {
			isa = PBXGroup;
			children = (
				493E270A299A032600FD0B53 /* Info.plist */,
				49EABE692997646D00B1CEFC /* Assets.xcassets */,
				493E26E52997948800FD0B53 /* Palette.xcassets */,
				49EABE6B2997646D00B1CEFC /* Preview Content */,
			);
			path = Resources;
			sourceTree = "<group>";
		};
		49EABE9129976A8500B1CEFC /* Scenes */ = {
			isa = PBXGroup;
			children = (
				49EABE9329976A9A00B1CEFC /* Home */,
			);
			path = Scenes;
			sourceTree = "<group>";
		};
		49EABE9229976A8D00B1CEFC /* Components */ = {
			isa = PBXGroup;
			children = (
				49EABE9429976AA500B1CEFC /* EntryLiveView */,
				49EABE9529976AC700B1CEFC /* EntryHistoryView */,
			);
			path = Components;
			sourceTree = "<group>";
		};
		49EABE9329976A9A00B1CEFC /* Home */ = {
			isa = PBXGroup;
			children = (
				493E26EC2997B9AF00FD0B53 /* HomeReducer.swift */,
				49EABE672997646B00B1CEFC /* HomeView.swift */,
			);
			path = Home;
			sourceTree = "<group>";
		};
		49EABE9429976AA500B1CEFC /* EntryLiveView */ = {
			isa = PBXGroup;
			children = (
				49EABE9629976ADE00B1CEFC /* EntryLiveView.swift */,
			);
			path = EntryLiveView;
			sourceTree = "<group>";
		};
		49EABE9529976AC700B1CEFC /* EntryHistoryView */ = {
			isa = PBXGroup;
			children = (
				497B9B30299778280019117A /* EntryHistoryView.swift */,
			);
			path = EntryHistoryView;
			sourceTree = "<group>";
		};
/* End PBXGroup section */

/* Begin PBXNativeTarget section */
		49EABE612997646B00B1CEFC /* timee */ = {
			isa = PBXNativeTarget;
			buildConfigurationList = 49EABE862997646D00B1CEFC /* Build configuration list for PBXNativeTarget "timee" */;
			buildPhases = (
				49EABE5E2997646B00B1CEFC /* Sources */,
				49EABE5F2997646B00B1CEFC /* Frameworks */,
				49EABE602997646B00B1CEFC /* Resources */,
			);
			buildRules = (
			);
			dependencies = (
			);
			name = timee;
			packageProductDependencies = (
				493E26EA2997B97B00FD0B53 /* ComposableArchitecture */,
				493E26F02997C41C00FD0B53 /* GRDB */,
			);
			productName = timee;
			productReference = 49EABE622997646B00B1CEFC /* timee.app */;
			productType = "com.apple.product-type.application";
		};
		49EABE712997646D00B1CEFC /* timeeTests */ = {
			isa = PBXNativeTarget;
			buildConfigurationList = 49EABE892997646D00B1CEFC /* Build configuration list for PBXNativeTarget "timeeTests" */;
			buildPhases = (
				49EABE6E2997646D00B1CEFC /* Sources */,
				49EABE6F2997646D00B1CEFC /* Frameworks */,
				49EABE702997646D00B1CEFC /* Resources */,
			);
			buildRules = (
			);
			dependencies = (
				49EABE742997646D00B1CEFC /* PBXTargetDependency */,
			);
			name = timeeTests;
			packageProductDependencies = (
				493E27072999DE2A00FD0B53 /* GRDB */,
			);
			productName = timeeTests;
			productReference = 49EABE722997646D00B1CEFC /* timeeTests.xctest */;
			productType = "com.apple.product-type.bundle.unit-test";
		};
/* End PBXNativeTarget section */

/* Begin PBXProject section */
		49EABE5A2997646B00B1CEFC /* Project object */ = {
			isa = PBXProject;
			attributes = {
				BuildIndependentTargetsInParallel = 1;
				LastSwiftUpdateCheck = 1420;
				LastUpgradeCheck = 1420;
				TargetAttributes = {
					49EABE612997646B00B1CEFC = {
						CreatedOnToolsVersion = 14.2;
					};
					49EABE712997646D00B1CEFC = {
						CreatedOnToolsVersion = 14.2;
						TestTargetID = 49EABE612997646B00B1CEFC;
					};
				};
			};
			buildConfigurationList = 49EABE5D2997646B00B1CEFC /* Build configuration list for PBXProject "timee" */;
			compatibilityVersion = "Xcode 14.0";
			developmentRegion = en;
			hasScannedForEncodings = 0;
			knownRegions = (
				en,
				Base,
			);
			mainGroup = 49EABE592997646B00B1CEFC;
			packageReferences = (
				493E26E92997B97B00FD0B53 /* XCRemoteSwiftPackageReference "swift-composable-architecture" */,
				493E26EF2997C41C00FD0B53 /* XCRemoteSwiftPackageReference "GRDB.swift" */,
			);
			productRefGroup = 49EABE632997646B00B1CEFC /* Products */;
			projectDirPath = "";
			projectRoot = "";
			targets = (
				49EABE612997646B00B1CEFC /* timee */,
				49EABE712997646D00B1CEFC /* timeeTests */,
			);
		};
/* End PBXProject section */

/* Begin PBXResourcesBuildPhase section */
		49EABE602997646B00B1CEFC /* Resources */ = {
			isa = PBXResourcesBuildPhase;
			buildActionMask = 2147483647;
			files = (
				49EABE6D2997646D00B1CEFC /* Preview Assets.xcassets in Resources */,
				493E26E62997948800FD0B53 /* Palette.xcassets in Resources */,
				49EABE6A2997646D00B1CEFC /* Assets.xcassets in Resources */,
			);
			runOnlyForDeploymentPostprocessing = 0;
		};
		49EABE702997646D00B1CEFC /* Resources */ = {
			isa = PBXResourcesBuildPhase;
			buildActionMask = 2147483647;
			files = (
			);
			runOnlyForDeploymentPostprocessing = 0;
		};
/* End PBXResourcesBuildPhase section */

/* Begin PBXSourcesBuildPhase section */
		49EABE5E2997646B00B1CEFC /* Sources */ = {
			isa = PBXSourcesBuildPhase;
			buildActionMask = 2147483647;
			files = (
				493E26F32997C50C00FD0B53 /* Entry.swift in Sources */,
				493E27012999C66700FD0B53 /* Date.swift in Sources */,
				497B9B31299778280019117A /* EntryHistoryView.swift in Sources */,
				493E26E82997955A00FD0B53 /* Colors.swift in Sources */,
				49EABE682997646B00B1CEFC /* HomeView.swift in Sources */,
				49EABE9729976ADE00B1CEFC /* EntryLiveView.swift in Sources */,
				49EABE662997646B00B1CEFC /* timeeApp.swift in Sources */,
				493E26F52997C90700FD0B53 /* Database.swift in Sources */,
				493E26F729990AFF00FD0B53 /* Double.swift in Sources */,
				493E26ED2997B9AF00FD0B53 /* HomeReducer.swift in Sources */,
			);
			runOnlyForDeploymentPostprocessing = 0;
		};
		49EABE6E2997646D00B1CEFC /* Sources */ = {
			isa = PBXSourcesBuildPhase;
			buildActionMask = 2147483647;
			files = (
				493E27032999DADE00FD0B53 /* Entry.swift in Sources */,
				49EABE772997646D00B1CEFC /* timeeTests.swift in Sources */,
				493E27092999E29E00FD0B53 /* Database.swift in Sources */,
				493E27022999D9C000FD0B53 /* HomeReducer.swift in Sources */,
			);
			runOnlyForDeploymentPostprocessing = 0;
		};
/* End PBXSourcesBuildPhase section */

/* Begin PBXTargetDependency section */
		49EABE742997646D00B1CEFC /* PBXTargetDependency */ = {
			isa = PBXTargetDependency;
			target = 49EABE612997646B00B1CEFC /* timee */;
			targetProxy = 49EABE732997646D00B1CEFC /* PBXContainerItemProxy */;
		};
/* End PBXTargetDependency section */

/* Begin XCBuildConfiguration section */
		49EABE842997646D00B1CEFC /* Debug */ = {
			isa = XCBuildConfiguration;
			buildSettings = {
				ALWAYS_SEARCH_USER_PATHS = NO;
				CLANG_ANALYZER_NONNULL = YES;
				CLANG_ANALYZER_NUMBER_OBJECT_CONVERSION = YES_AGGRESSIVE;
				CLANG_CXX_LANGUAGE_STANDARD = "gnu++20";
				CLANG_ENABLE_MODULES = YES;
				CLANG_ENABLE_OBJC_ARC = YES;
				CLANG_ENABLE_OBJC_WEAK = YES;
				CLANG_WARN_BLOCK_CAPTURE_AUTORELEASING = YES;
				CLANG_WARN_BOOL_CONVERSION = YES;
				CLANG_WARN_COMMA = YES;
				CLANG_WARN_CONSTANT_CONVERSION = YES;
				CLANG_WARN_DEPRECATED_OBJC_IMPLEMENTATIONS = YES;
				CLANG_WARN_DIRECT_OBJC_ISA_USAGE = YES_ERROR;
				CLANG_WARN_DOCUMENTATION_COMMENTS = YES;
				CLANG_WARN_EMPTY_BODY = YES;
				CLANG_WARN_ENUM_CONVERSION = YES;
				CLANG_WARN_INFINITE_RECURSION = YES;
				CLANG_WARN_INT_CONVERSION = YES;
				CLANG_WARN_NON_LITERAL_NULL_CONVERSION = YES;
				CLANG_WARN_OBJC_IMPLICIT_RETAIN_SELF = YES;
				CLANG_WARN_OBJC_LITERAL_CONVERSION = YES;
				CLANG_WARN_OBJC_ROOT_CLASS = YES_ERROR;
				CLANG_WARN_QUOTED_INCLUDE_IN_FRAMEWORK_HEADER = YES;
				CLANG_WARN_RANGE_LOOP_ANALYSIS = YES;
				CLANG_WARN_STRICT_PROTOTYPES = YES;
				CLANG_WARN_SUSPICIOUS_MOVE = YES;
				CLANG_WARN_UNGUARDED_AVAILABILITY = YES_AGGRESSIVE;
				CLANG_WARN_UNREACHABLE_CODE = YES;
				CLANG_WARN__DUPLICATE_METHOD_MATCH = YES;
				COPY_PHASE_STRIP = NO;
				DEBUG_INFORMATION_FORMAT = dwarf;
				ENABLE_STRICT_OBJC_MSGSEND = YES;
				ENABLE_TESTABILITY = YES;
				GCC_C_LANGUAGE_STANDARD = gnu11;
				GCC_DYNAMIC_NO_PIC = NO;
				GCC_NO_COMMON_BLOCKS = YES;
				GCC_OPTIMIZATION_LEVEL = 0;
				GCC_PREPROCESSOR_DEFINITIONS = (
					"DEBUG=1",
					"$(inherited)",
				);
				GCC_WARN_64_TO_32_BIT_CONVERSION = YES;
				GCC_WARN_ABOUT_RETURN_TYPE = YES_ERROR;
				GCC_WARN_UNDECLARED_SELECTOR = YES;
				GCC_WARN_UNINITIALIZED_AUTOS = YES_AGGRESSIVE;
				GCC_WARN_UNUSED_FUNCTION = YES;
				GCC_WARN_UNUSED_VARIABLE = YES;
				IPHONEOS_DEPLOYMENT_TARGET = 16.2;
				MTL_ENABLE_DEBUG_INFO = INCLUDE_SOURCE;
				MTL_FAST_MATH = YES;
				ONLY_ACTIVE_ARCH = YES;
				SDKROOT = iphoneos;
				SWIFT_ACTIVE_COMPILATION_CONDITIONS = DEBUG;
				SWIFT_OPTIMIZATION_LEVEL = "-Onone";
			};
			name = Debug;
		};
		49EABE852997646D00B1CEFC /* Release */ = {
			isa = XCBuildConfiguration;
			buildSettings = {
				ALWAYS_SEARCH_USER_PATHS = NO;
				CLANG_ANALYZER_NONNULL = YES;
				CLANG_ANALYZER_NUMBER_OBJECT_CONVERSION = YES_AGGRESSIVE;
				CLANG_CXX_LANGUAGE_STANDARD = "gnu++20";
				CLANG_ENABLE_MODULES = YES;
				CLANG_ENABLE_OBJC_ARC = YES;
				CLANG_ENABLE_OBJC_WEAK = YES;
				CLANG_WARN_BLOCK_CAPTURE_AUTORELEASING = YES;
				CLANG_WARN_BOOL_CONVERSION = YES;
				CLANG_WARN_COMMA = YES;
				CLANG_WARN_CONSTANT_CONVERSION = YES;
				CLANG_WARN_DEPRECATED_OBJC_IMPLEMENTATIONS = YES;
				CLANG_WARN_DIRECT_OBJC_ISA_USAGE = YES_ERROR;
				CLANG_WARN_DOCUMENTATION_COMMENTS = YES;
				CLANG_WARN_EMPTY_BODY = YES;
				CLANG_WARN_ENUM_CONVERSION = YES;
				CLANG_WARN_INFINITE_RECURSION = YES;
				CLANG_WARN_INT_CONVERSION = YES;
				CLANG_WARN_NON_LITERAL_NULL_CONVERSION = YES;
				CLANG_WARN_OBJC_IMPLICIT_RETAIN_SELF = YES;
				CLANG_WARN_OBJC_LITERAL_CONVERSION = YES;
				CLANG_WARN_OBJC_ROOT_CLASS = YES_ERROR;
				CLANG_WARN_QUOTED_INCLUDE_IN_FRAMEWORK_HEADER = YES;
				CLANG_WARN_RANGE_LOOP_ANALYSIS = YES;
				CLANG_WARN_STRICT_PROTOTYPES = YES;
				CLANG_WARN_SUSPICIOUS_MOVE = YES;
				CLANG_WARN_UNGUARDED_AVAILABILITY = YES_AGGRESSIVE;
				CLANG_WARN_UNREACHABLE_CODE = YES;
				CLANG_WARN__DUPLICATE_METHOD_MATCH = YES;
				COPY_PHASE_STRIP = NO;
				DEBUG_INFORMATION_FORMAT = "dwarf-with-dsym";
				ENABLE_NS_ASSERTIONS = NO;
				ENABLE_STRICT_OBJC_MSGSEND = YES;
				GCC_C_LANGUAGE_STANDARD = gnu11;
				GCC_NO_COMMON_BLOCKS = YES;
				GCC_WARN_64_TO_32_BIT_CONVERSION = YES;
				GCC_WARN_ABOUT_RETURN_TYPE = YES_ERROR;
				GCC_WARN_UNDECLARED_SELECTOR = YES;
				GCC_WARN_UNINITIALIZED_AUTOS = YES_AGGRESSIVE;
				GCC_WARN_UNUSED_FUNCTION = YES;
				GCC_WARN_UNUSED_VARIABLE = YES;
				IPHONEOS_DEPLOYMENT_TARGET = 16.2;
				MTL_ENABLE_DEBUG_INFO = NO;
				MTL_FAST_MATH = YES;
				SDKROOT = iphoneos;
				SWIFT_COMPILATION_MODE = wholemodule;
				SWIFT_OPTIMIZATION_LEVEL = "-O";
				VALIDATE_PRODUCT = YES;
			};
			name = Release;
		};
		49EABE872997646D00B1CEFC /* Debug */ = {
			isa = XCBuildConfiguration;
			buildSettings = {
				ASSETCATALOG_COMPILER_APPICON_NAME = AppIcon;
				ASSETCATALOG_COMPILER_GLOBAL_ACCENT_COLOR_NAME = AccentColor;
				CODE_SIGN_STYLE = Automatic;
				CURRENT_PROJECT_VERSION = 1;
				DEVELOPMENT_ASSET_PATHS = "\"timee/Resources/Preview Content\"";
				DEVELOPMENT_TEAM = 6QNRPCJX8C;
				ENABLE_PREVIEWS = YES;
				GENERATE_INFOPLIST_FILE = YES;
				INFOPLIST_FILE = timee/Resources/Info.plist;
				INFOPLIST_KEY_CFBundleDisplayName = Timee;
				INFOPLIST_KEY_UIApplicationSceneManifest_Generation = YES;
				INFOPLIST_KEY_UIApplicationSupportsIndirectInputEvents = YES;
				INFOPLIST_KEY_UILaunchScreen_Generation = YES;
				INFOPLIST_KEY_UISupportedInterfaceOrientations_iPad = "UIInterfaceOrientationPortrait UIInterfaceOrientationPortraitUpsideDown UIInterfaceOrientationLandscapeLeft UIInterfaceOrientationLandscapeRight";
				INFOPLIST_KEY_UISupportedInterfaceOrientations_iPhone = "UIInterfaceOrientationPortrait UIInterfaceOrientationLandscapeLeft UIInterfaceOrientationLandscapeRight";
				LD_RUNPATH_SEARCH_PATHS = (
					"$(inherited)",
					"@executable_path/Frameworks",
				);
				MARKETING_VERSION = 1.0;
				PRODUCT_BUNDLE_IDENTIFIER = com.sergiisimakhin.timee;
				PRODUCT_NAME = "$(TARGET_NAME)";
				SUPPORTED_PLATFORMS = "iphoneos iphonesimulator";
				SUPPORTS_MACCATALYST = NO;
				SUPPORTS_MAC_DESIGNED_FOR_IPHONE_IPAD = NO;
				SWIFT_EMIT_LOC_STRINGS = YES;
				SWIFT_VERSION = 5.0;
				TARGETED_DEVICE_FAMILY = 1;
			};
			name = Debug;
		};
		49EABE882997646D00B1CEFC /* Release */ = {
			isa = XCBuildConfiguration;
			buildSettings = {
				ASSETCATALOG_COMPILER_APPICON_NAME = AppIcon;
				ASSETCATALOG_COMPILER_GLOBAL_ACCENT_COLOR_NAME = AccentColor;
				CODE_SIGN_STYLE = Automatic;
				CURRENT_PROJECT_VERSION = 1;
				DEVELOPMENT_ASSET_PATHS = "\"timee/Resources/Preview Content\"";
				DEVELOPMENT_TEAM = 6QNRPCJX8C;
				ENABLE_PREVIEWS = YES;
				GENERATE_INFOPLIST_FILE = YES;
				INFOPLIST_FILE = timee/Resources/Info.plist;
				INFOPLIST_KEY_CFBundleDisplayName = Timee;
				INFOPLIST_KEY_UIApplicationSceneManifest_Generation = YES;
				INFOPLIST_KEY_UIApplicationSupportsIndirectInputEvents = YES;
				INFOPLIST_KEY_UILaunchScreen_Generation = YES;
				INFOPLIST_KEY_UISupportedInterfaceOrientations_iPad = "UIInterfaceOrientationPortrait UIInterfaceOrientationPortraitUpsideDown UIInterfaceOrientationLandscapeLeft UIInterfaceOrientationLandscapeRight";
				INFOPLIST_KEY_UISupportedInterfaceOrientations_iPhone = "UIInterfaceOrientationPortrait UIInterfaceOrientationLandscapeLeft UIInterfaceOrientationLandscapeRight";
				LD_RUNPATH_SEARCH_PATHS = (
					"$(inherited)",
					"@executable_path/Frameworks",
				);
				MARKETING_VERSION = 1.0;
				PRODUCT_BUNDLE_IDENTIFIER = com.sergiisimakhin.timee;
				PRODUCT_NAME = "$(TARGET_NAME)";
				SUPPORTED_PLATFORMS = "iphoneos iphonesimulator";
				SUPPORTS_MACCATALYST = NO;
				SUPPORTS_MAC_DESIGNED_FOR_IPHONE_IPAD = NO;
				SWIFT_EMIT_LOC_STRINGS = YES;
				SWIFT_VERSION = 5.0;
				TARGETED_DEVICE_FAMILY = 1;
			};
			name = Release;
		};
		49EABE8A2997646D00B1CEFC /* Debug */ = {
			isa = XCBuildConfiguration;
			buildSettings = {
				ALWAYS_EMBED_SWIFT_STANDARD_LIBRARIES = YES;
				BUNDLE_LOADER = "$(TEST_HOST)";
				CODE_SIGN_STYLE = Automatic;
				CURRENT_PROJECT_VERSION = 1;
				DEVELOPMENT_TEAM = 6QNRPCJX8C;
				GENERATE_INFOPLIST_FILE = YES;
				IPHONEOS_DEPLOYMENT_TARGET = 16.2;
				MARKETING_VERSION = 1.0;
				PRODUCT_BUNDLE_IDENTIFIER = com.sergiisimakhin.timeeTests;
				PRODUCT_NAME = "$(TARGET_NAME)";
				SWIFT_EMIT_LOC_STRINGS = NO;
				SWIFT_VERSION = 5.0;
				TARGETED_DEVICE_FAMILY = "1,2";
				TEST_HOST = "$(BUILT_PRODUCTS_DIR)/timee.app/$(BUNDLE_EXECUTABLE_FOLDER_PATH)/timee";
			};
			name = Debug;
		};
		49EABE8B2997646D00B1CEFC /* Release */ = {
			isa = XCBuildConfiguration;
			buildSettings = {
				ALWAYS_EMBED_SWIFT_STANDARD_LIBRARIES = YES;
				BUNDLE_LOADER = "$(TEST_HOST)";
				CODE_SIGN_STYLE = Automatic;
				CURRENT_PROJECT_VERSION = 1;
				DEVELOPMENT_TEAM = 6QNRPCJX8C;
				GENERATE_INFOPLIST_FILE = YES;
				IPHONEOS_DEPLOYMENT_TARGET = 16.2;
				MARKETING_VERSION = 1.0;
				PRODUCT_BUNDLE_IDENTIFIER = com.sergiisimakhin.timeeTests;
				PRODUCT_NAME = "$(TARGET_NAME)";
				SWIFT_EMIT_LOC_STRINGS = NO;
				SWIFT_VERSION = 5.0;
				TARGETED_DEVICE_FAMILY = "1,2";
				TEST_HOST = "$(BUILT_PRODUCTS_DIR)/timee.app/$(BUNDLE_EXECUTABLE_FOLDER_PATH)/timee";
			};
			name = Release;
		};
/* End XCBuildConfiguration section */

/* Begin XCConfigurationList section */
		49EABE5D2997646B00B1CEFC /* Build configuration list for PBXProject "timee" */ = {
			isa = XCConfigurationList;
			buildConfigurations = (
				49EABE842997646D00B1CEFC /* Debug */,
				49EABE852997646D00B1CEFC /* Release */,
			);
			defaultConfigurationIsVisible = 0;
			defaultConfigurationName = Release;
		};
		49EABE862997646D00B1CEFC /* Build configuration list for PBXNativeTarget "timee" */ = {
			isa = XCConfigurationList;
			buildConfigurations = (
				49EABE872997646D00B1CEFC /* Debug */,
				49EABE882997646D00B1CEFC /* Release */,
			);
			defaultConfigurationIsVisible = 0;
			defaultConfigurationName = Release;
		};
		49EABE892997646D00B1CEFC /* Build configuration list for PBXNativeTarget "timeeTests" */ = {
			isa = XCConfigurationList;
			buildConfigurations = (
				49EABE8A2997646D00B1CEFC /* Debug */,
				49EABE8B2997646D00B1CEFC /* Release */,
			);
			defaultConfigurationIsVisible = 0;
			defaultConfigurationName = Release;
		};
/* End XCConfigurationList section */

/* Begin XCRemoteSwiftPackageReference section */
		493E26E92997B97B00FD0B53 /* XCRemoteSwiftPackageReference "swift-composable-architecture" */ = {
			isa = XCRemoteSwiftPackageReference;
			repositoryURL = "https://github.com/pointfreeco/swift-composable-architecture.git";
			requirement = {
				branch = main;
				kind = branch;
			};
		};
		493E26EF2997C41C00FD0B53 /* XCRemoteSwiftPackageReference "GRDB.swift" */ = {
			isa = XCRemoteSwiftPackageReference;
			repositoryURL = "https://github.com/groue/GRDB.swift.git";
			requirement = {
				branch = master;
				kind = branch;
			};
		};
/* End XCRemoteSwiftPackageReference section */

/* Begin XCSwiftPackageProductDependency section */
		493E26EA2997B97B00FD0B53 /* ComposableArchitecture */ = {
			isa = XCSwiftPackageProductDependency;
			package = 493E26E92997B97B00FD0B53 /* XCRemoteSwiftPackageReference "swift-composable-architecture" */;
			productName = ComposableArchitecture;
		};
		493E26F02997C41C00FD0B53 /* GRDB */ = {
			isa = XCSwiftPackageProductDependency;
			package = 493E26EF2997C41C00FD0B53 /* XCRemoteSwiftPackageReference "GRDB.swift" */;
			productName = GRDB;
		};
		493E27072999DE2A00FD0B53 /* GRDB */ = {
			isa = XCSwiftPackageProductDependency;
			package = 493E26EF2997C41C00FD0B53 /* XCRemoteSwiftPackageReference "GRDB.swift" */;
			productName = GRDB;
		};
/* End XCSwiftPackageProductDependency section */
	};
	rootObject = 49EABE5A2997646B00B1CEFC /* Project object */;
}
